
Microsoft Visual Studio Solution File, Format Version 12.00
# Visual Studio Version 17
VisualStudioVersion = 17.0.31903.59
MinimumVisualStudioVersion = 10.0.40219.1
Project("{2150E333-8FDC-42A3-9474-1A3956D46DE8}") = "src", "src", "{827E0CD3-B72D-47B6-A68D-7590B98EB39B}"
EndProject
Project("{FAE04EC0-301F-11D3-BF4B-00C04F79EFBC}") = "MatrixLogic", "src\MatrixLogic\MatrixLogic.csproj", "{787A3F01-15EC-41D0-8802-2F94FFDF91D5}"
EndProject
Project("{FAE04EC0-301F-11D3-BF4B-00C04F79EFBC}") = "MatrixConsoleApp", "src\MatrixConsoleApp\MatrixConsoleApp.csproj", "{A12D2F95-A923-455C-9EF1-5250E73CE473}"
EndProject
Project("{2150E333-8FDC-42A3-9474-1A3956D46DE8}") = "tests", "tests", "{0AB3BF05-4346-4AA6-1389-037BE0695223}"
EndProject
Project("{FAE04EC0-301F-11D3-BF4B-00C04F79EFBC}") = "MatrixLogic.Tests", "tests\MatrixLogic.Tests\MatrixLogic.Tests.csproj", "{54E43220-EB9F-4A60-8A91-06950A8D7239}"
EndProject
Global
	GlobalSection(SolutionConfigurationPlatforms) = preSolution
		Debug|Any CPU = Debug|Any CPU
		Debug|x64 = Debug|x64
		Debug|x86 = Debug|x86
		Release|Any CPU = Release|Any CPU
		Release|x64 = Release|x64
		Release|x86 = Release|x86
	EndGlobalSection
	GlobalSection(ProjectConfigurationPlatforms) = postSolution
		{787A3F01-15EC-41D0-8802-2F94FFDF91D5}.Debug|Any CPU.ActiveCfg = Debug|Any CPU
		{787A3F01-15EC-41D0-8802-2F94FFDF91D5}.Debug|Any CPU.Build.0 = Debug|Any CPU
		{787A3F01-15EC-41D0-8802-2F94FFDF91D5}.Debug|x64.ActiveCfg = Debug|Any CPU
		{787A3F01-15EC-41D0-8802-2F94FFDF91D5}.Debug|x64.Build.0 = Debug|Any CPU
		{787A3F01-15EC-41D0-8802-2F94FFDF91D5}.Debug|x86.ActiveCfg = Debug|Any CPU
		{787A3F01-15EC-41D0-8802-2F94FFDF91D5}.Debug|x86.Build.0 = Debug|Any CPU
		{787A3F01-15EC-41D0-8802-2F94FFDF91D5}.Release|Any CPU.ActiveCfg = Release|Any CPU
		{787A3F01-15EC-41D0-8802-2F94FFDF91D5}.Release|Any CPU.Build.0 = Release|Any CPU
		{787A3F01-15EC-41D0-8802-2F94FFDF91D5}.Release|x64.ActiveCfg = Release|Any CPU
		{787A3F01-15EC-41D0-8802-2F94FFDF91D5}.Release|x64.Build.0 = Release|Any CPU
		{787A3F01-15EC-41D0-8802-2F94FFDF91D5}.Release|x86.ActiveCfg = Release|Any CPU
		{787A3F01-15EC-41D0-8802-2F94FFDF91D5}.Release|x86.Build.0 = Release|Any CPU
		{A12D2F95-A923-455C-9EF1-5250E73CE473}.Debug|Any CPU.ActiveCfg = Debug|Any CPU
		{A12D2F95-A923-455C-9EF1-5250E73CE473}.Debug|Any CPU.Build.0 = Debug|Any CPU
		{A12D2F95-A923-455C-9EF1-5250E73CE473}.Debug|x64.ActiveCfg = Debug|Any CPU
		{A12D2F95-A923-455C-9EF1-5250E73CE473}.Debug|x64.Build.0 = Debug|Any CPU
		{A12D2F95-A923-455C-9EF1-5250E73CE473}.Debug|x86.ActiveCfg = Debug|Any CPU
		{A12D2F95-A923-455C-9EF1-5250E73CE473}.Debug|x86.Build.0 = Debug|Any CPU
		{A12D2F95-A923-455C-9EF1-5250E73CE473}.Release|Any CPU.ActiveCfg = Release|Any CPU
		{A12D2F95-A923-455C-9EF1-5250E73CE473}.Release|Any CPU.Build.0 = Release|Any CPU
		{A12D2F95-A923-455C-9EF1-5250E73CE473}.Release|x64.ActiveCfg = Release|Any CPU
		{A12D2F95-A923-455C-9EF1-5250E73CE473}.Release|x64.Build.0 = Release|Any CPU
		{A12D2F95-A923-455C-9EF1-5250E73CE473}.Release|x86.ActiveCfg = Release|Any CPU
		{A12D2F95-A923-455C-9EF1-5250E73CE473}.Release|x86.Build.0 = Release|Any CPU
		{54E43220-EB9F-4A60-8A91-06950A8D7239}.Debug|Any CPU.ActiveCfg = Debug|Any CPU
		{54E43220-EB9F-4A60-8A91-06950A8D7239}.Debug|Any CPU.Build.0 = Debug|Any CPU
		{54E43220-EB9F-4A60-8A91-06950A8D7239}.Debug|x64.ActiveCfg = Debug|Any CPU
		{54E43220-EB9F-4A60-8A91-06950A8D7239}.Debug|x64.Build.0 = Debug|Any CPU
		{54E43220-EB9F-4A60-8A91-06950A8D7239}.Debug|x86.ActiveCfg = Debug|Any CPU
		{54E43220-EB9F-4A60-8A91-06950A8D7239}.Debug|x86.Build.0 = Debug|Any CPU
		{54E43220-EB9F-4A60-8A91-06950A8D7239}.Release|Any CPU.ActiveCfg = Release|Any CPU
		{54E43220-EB9F-4A60-8A91-06950A8D7239}.Release|Any CPU.Build.0 = Release|Any CPU
		{54E43220-EB9F-4A60-8A91-06950A8D7239}.Release|x64.ActiveCfg = Release|Any CPU
		{54E43220-EB9F-4A60-8A91-06950A8D7239}.Release|x64.Build.0 = Release|Any CPU
		{54E43220-EB9F-4A60-8A91-06950A8D7239}.Release|x86.ActiveCfg = Release|Any CPU
		{54E43220-EB9F-4A60-8A91-06950A8D7239}.Release|x86.Build.0 = Release|Any CPU
	EndGlobalSection
	GlobalSection(SolutionProperties) = preSolution
		HideSolutionNode = FALSE
	EndGlobalSection
	GlobalSection(NestedProjects) = preSolution
		{787A3F01-15EC-41D0-8802-2F94FFDF91D5} = {827E0CD3-B72D-47B6-A68D-7590B98EB39B}
		{A12D2F95-A923-455C-9EF1-5250E73CE473} = {827E0CD3-B72D-47B6-A68D-7590B98EB39B}
		{54E43220-EB9F-4A60-8A91-06950A8D7239} = {0AB3BF05-4346-4AA6-1389-037BE0695223}
	EndGlobalSection
EndGlobal
