
Microsoft Visual Studio Solution File, Format Version 12.00
# Visual Studio Version 17
VisualStudioVersion = 17.13.35825.156 d17.13
MinimumVisualStudioVersion = 10.0.40219.1
Project("{FAE04EC0-301F-11D3-BF4B-00C04F79EFBC}") = "matrix", "matrix.csproj", "{48F81042-4438-4989-AA82-545B7B4C2A18}"
EndProject
Project("{FAE04EC0-301F-11D3-BF4B-00C04F79EFBC}") = "matrixTest", "..\matrixTest\matrixTest.csproj", "{046974CC-2E0D-4C45-992A-3484DFC793E8}"
EndProject
Global
	GlobalSection(SolutionConfigurationPlatforms) = preSolution
		Debug|Any CPU = Debug|Any CPU
		Release|Any CPU = Release|Any CPU
	EndGlobalSection
	GlobalSection(ProjectConfigurationPlatforms) = postSolution
		{48F81042-4438-4989-AA82-545B7B4C2A18}.Debug|Any CPU.ActiveCfg = Debug|Any CPU
		{48F81042-4438-4989-AA82-545B7B4C2A18}.Debug|Any CPU.Build.0 = Debug|Any CPU
		{48F81042-4438-4989-AA82-545B7B4C2A18}.Release|Any CPU.ActiveCfg = Release|Any CPU
		{48F81042-4438-4989-AA82-545B7B4C2A18}.Release|Any CPU.Build.0 = Release|Any CPU
		{046974CC-2E0D-4C45-992A-3484DFC793E8}.Debug|Any CPU.ActiveCfg = Debug|Any CPU
		{046974CC-2E0D-4C45-992A-3484DFC793E8}.Debug|Any CPU.Build.0 = Debug|Any CPU
		{046974CC-2E0D-4C45-992A-3484DFC793E8}.Release|Any CPU.ActiveCfg = Release|Any CPU
		{046974CC-2E0D-4C45-992A-3484DFC793E8}.Release|Any CPU.Build.0 = Release|Any CPU
	EndGlobalSection
	GlobalSection(SolutionProperties) = preSolution
		HideSolutionNode = FALSE
	EndGlobalSection
	GlobalSection(ExtensibilityGlobals) = postSolution
		SolutionGuid = {D608B5C7-8D81-4CBB-89DF-745EEB92ABF9}
	EndGlobalSection
EndGlobal
